# This file is automatically @generated by Cargo.
# It is not intended for manual editing.
version = 3

[[package]]
name = "autocfg"
version = "1.3.0"
source = "registry+https://github.com/rust-lang/crates.io-index"
checksum = "0c4b4d0bd25bd0b74681c0ad21497610ce1b7c91b1022cd21c80c6fbdd9476b0"

[[package]]
name = "bevy-pbr-rust"
version = "0.4.0"
source = "git+https://github.com/bevy-rust-gpu/bevy-pbr-rust?tag=v0.4.0#16893a82058e902bc7aacd2a1be7d8a1b6f148f1"
dependencies = [
 "permutate-macro",
 "rust-gpu-bridge",
 "spirv-std",
]

[[package]]
name = "bitflags"
version = "1.3.2"
source = "registry+https://github.com/rust-lang/crates.io-index"
checksum = "bef38d45163c2f1dde094a7dfd33ccf595c92905c8f8f4fdc18d06fb1037718a"

[[package]]
name = "convert_case"
version = "0.6.0"
source = "registry+https://github.com/rust-lang/crates.io-index"
checksum = "ec182b0ca2f35d8fc196cf3404988fd8b8c739a4d270ff118a398feb0cbec1ca"
dependencies = [
 "unicode-segmentation",
]

[[package]]
name = "glam"
version = "0.22.0"
source = "registry+https://github.com/rust-lang/crates.io-index"
checksum = "12f597d56c1bd55a811a1be189459e8fad2bbc272616375602443bdfb37fa774"
dependencies = [
 "num-traits",
]

[[package]]
name = "json"
version = "0.12.4"
source = "registry+https://github.com/rust-lang/crates.io-index"
checksum = "078e285eafdfb6c4b434e0d31e8cfcb5115b651496faca5749b88fafd4f23bfd"

[[package]]
name = "libm"
version = "0.2.8"
source = "registry+https://github.com/rust-lang/crates.io-index"
checksum = "4ec2a862134d2a7d32d7983ddcdd1c4923530833c9f2ea1a44fc5fa473989058"

[[package]]
name = "num-traits"
version = "0.2.19"
source = "registry+https://github.com/rust-lang/crates.io-index"
checksum = "071dfc062690e90b734c0b2273ce72ad0ffa95f0c74596bc250dcfd960262841"
dependencies = [
 "autocfg",
 "libm",
]

[[package]]
name = "permutate-macro"
version = "0.5.0"
source = "git+https://github.com/bevy-rust-gpu/permutate-macro?tag=v0.5.0#7fa16b92e4ad2734f241e6198db79babcf9998e6"
dependencies = [
 "json",
 "proc-macro2",
 "quote",
 "syn 2.0.76",
]

[[package]]
name = "proc-macro2"
version = "1.0.86"
source = "registry+https://github.com/rust-lang/crates.io-index"
checksum = "5e719e8df665df0d1c8fbfd238015744736151d4445ec0836b8e628aae103b77"
dependencies = [
 "unicode-ident",
]

[[package]]
name = "quote"
version = "1.0.37"
source = "registry+https://github.com/rust-lang/crates.io-index"
checksum = "b5b9d34b8991d19d98081b46eacdd8eb58c6f2b201139f7c5f643cc155a633af"
dependencies = [
 "proc-macro2",
]

[[package]]
name = "rust-gpu-bridge"
version = "0.5.0"
source = "git+https://github.com/bevy-rust-gpu/rust-gpu-bridge?tag=v0.5.0#da8b209ed46f87b1e56ec3fd2b8b02d49b0de0ce"
dependencies = [
 "spirv-std",
]

[[package]]
name = "rust-gpu-sdf"
version = "0.1.0"
source = "git+https://github.com/bevy-rust-gpu/rust-gpu-sdf?tag=prerelease#8a7a38584f4caef54a4cdd8cfb1a7164f8b5e32e"
dependencies = [
 "rust-gpu-bridge",
 "type-fields",
]

[[package]]
name = "shader"
version = "0.1.0"
dependencies = [
 "bevy-pbr-rust",
 "permutate-macro",
 "rust-gpu-bridge",
 "rust-gpu-sdf",
 "spirv-std",
]

[[package]]
name = "spirv-std"
version = "0.7.0"
source = "registry+https://github.com/rust-lang/crates.io-index"
checksum = "3197bd4c021c2dfc0f9dfb356312c8f7842d972d5545c308ad86422c2e2d3e66"
dependencies = [
 "bitflags",
 "glam",
 "num-traits",
 "spirv-std-macros",
 "spirv-std-types",
]

[[package]]
name = "spirv-std-macros"
version = "0.7.0"
source = "registry+https://github.com/rust-lang/crates.io-index"
checksum = "bbaffad626ab9d3ac61c4b74b5d51cb52f1939a8041d7ac09ec828eb4ad44d72"
dependencies = [
 "proc-macro2",
 "quote",
 "spirv-std-types",
 "syn 1.0.109",
]

[[package]]
name = "spirv-std-types"
version = "0.7.0"
source = "registry+https://github.com/rust-lang/crates.io-index"
checksum = "ab83875e851bc803c687024d2d950730f350c0073714b95b3a6b1d22e9eac42a"

[[package]]
name = "syn"
version = "1.0.109"
source = "registry+https://github.com/rust-lang/crates.io-index"
checksum = "72b64191b275b66ffe2469e8af2c1cfe3bafa67b529ead792a6d0160888b4237"
dependencies = [
 "proc-macro2",
 "quote",
 "unicode-ident",
]

[[package]]
name = "syn"
version = "2.0.76"
source = "registry+https://github.com/rust-lang/crates.io-index"
checksum = "578e081a14e0cefc3279b0472138c513f37b41a08d5a3cca9b6e4e8ceb6cd525"
dependencies = [
 "proc-macro2",
 "quote",
 "unicode-ident",
]

[[package]]
name = "type-fields"
version = "0.1.0"
source = "git+https://github.com/bevy-rust-gpu/type-fields?tag=prerelease#4fbf57e6926c164eade696c65736503765150700"
dependencies = [
 "type-fields-macros",
]

[[package]]
name = "type-fields-macros"
version = "0.1.0"
source = "git+https://github.com/bevy-rust-gpu/type-fields-macros?tag=prerelease#f5c7fe25636a4525dfc1b415b6bd56b7a40eff51"
dependencies = [
 "convert_case",
 "proc-macro2",
 "quote",
 "syn 2.0.76",
]

[[package]]
name = "unicode-ident"
version = "1.0.12"
source = "registry+https://github.com/rust-lang/crates.io-index"
checksum = "3354b9ac3fae1ff6755cb6db53683adb661634f67557942dea4facebec0fee4b"

[[package]]
name = "unicode-segmentation"
version = "1.11.0"
source = "registry+https://github.com/rust-lang/crates.io-index"
checksum = "d4c87d22b6e3f4a18d4d40ef354e97c90fcb14dd91d7dc0aa9d8a1172ebf7202"
